
Microsoft Visual Studio Solution File, Format Version 12.00
# Visual Studio Version 17
VisualStudioVersion = 17.11.35312.102
MinimumVisualStudioVersion = 10.0.40219.1
Project("{FAE04EC0-301F-11D3-BF4B-00C04F79EFBC}") = "PropertyLookerUI", "PropertyLookerUI\PropertyLookerUI.csproj", "{01EF3191-DD9C-46EE-8531-DF030868792A}"
EndProject
Project("{FAE04EC0-301F-11D3-BF4B-00C04F79EFBC}") = "CoolProp", "CoolProp\CoolProp.csproj", "{217634D5-6BD8-46BC-B5BC-541DBFC6FA36}"
EndProject
Global
	GlobalSection(SolutionConfigurationPlatforms) = preSolution
		Debug|Any CPU = Debug|Any CPU
		Release|Any CPU = Release|Any CPU
	EndGlobalSection
	GlobalSection(ProjectConfigurationPlatforms) = postSolution
		{01EF3191-DD9C-46EE-8531-DF030868792A}.Debug|Any CPU.ActiveCfg = Debug|Any CPU
		{01EF3191-DD9C-46EE-8531-DF030868792A}.Debug|Any CPU.Build.0 = Debug|Any CPU
		{01EF3191-DD9C-46EE-8531-DF030868792A}.Release|Any CPU.ActiveCfg = Release|Any CPU
		{01EF3191-DD9C-46EE-8531-DF030868792A}.Release|Any CPU.Build.0 = Release|Any CPU
		{217634D5-6BD8-46BC-B5BC-541DBFC6FA36}.Debug|Any CPU.ActiveCfg = Debug|Any CPU
		{217634D5-6BD8-46BC-B5BC-541DBFC6FA36}.Debug|Any CPU.Build.0 = Debug|Any CPU
		{217634D5-6BD8-46BC-B5BC-541DBFC6FA36}.Release|Any CPU.ActiveCfg = Release|Any CPU
		{217634D5-6BD8-46BC-B5BC-541DBFC6FA36}.Release|Any CPU.Build.0 = Release|Any CPU
	EndGlobalSection
	GlobalSection(SolutionProperties) = preSolution
		HideSolutionNode = FALSE
	EndGlobalSection
	GlobalSection(ExtensibilityGlobals) = postSolution
		SolutionGuid = {49465062-BCCD-4E08-82E9-97199B210A36}
	EndGlobalSection
EndGlobal
